{
  "version": 4,
  "terraform_version": "1.10.5",
  "serial": 89,
  "lineage": "5cdbc35a-6339-4c89-0a59-291600d5b0b2",
  "outputs": {},
  "resources": [
    {
      "mode": "managed",
      "type": "docker_container",
      "name": "mongo_primary",
      "provider": "provider[\"registry.terraform.io/kreuzwerker/docker\"]",
      "instances": [
        {
          "status": "tainted",
          "schema_version": 2,
          "attributes": {
            "attach": false,
            "bridge": "",
            "capabilities": [],
            "cgroupns_mode": null,
            "command": [
              "mongod",
              "--replSet",
              "rs0",
              "--keyFile",
              "/data/keyfile",
              "--bind_ip_all"
            ],
            "container_logs": null,
            "container_read_refresh_timeout_milliseconds": 15000,
            "cpu_set": "",
            "cpu_shares": 0,
            "destroy_grace_seconds": null,
            "devices": [],
            "dns": null,
            "dns_opts": null,
            "dns_search": null,
            "domainname": "",
            "entrypoint": [
              "docker-entrypoint.sh"
            ],
            "env": [
              "MONGO_INITDB_ROOT_PASSWORD=adminpass",
              "MONGO_INITDB_ROOT_USERNAME=admin",
              "MONGO_REPLICA_SET_NAME=rs0"
            ],
            "exit_code": null,
            "gpus": null,
            "group_add": null,
            "healthcheck": null,
            "host": [],
            "hostname": "27e451413917",
            "id": "27e451413917c777d3ac5daee021aea379328d8995d2328881aa8440287ab8c3",
            "image": "sha256:082b79b5037cec2fa8ae4e2c4a09b749c47efdc01e274f7bed661a37d2ce787f",
            "init": false,
            "ipc_mode": "private",
            "labels": [],
            "log_driver": "json-file",
            "log_opts": {
              "max-file": "5",
              "max-size": "20m"
            },
            "logs": false,
            "max_retry_count": 0,
            "memory": 0,
            "memory_swap": 0,
            "mounts": [],
            "must_run": true,
            "name": "mongo_primary",
            "network_data": [
              {
                "gateway": "192.168.156.1",
                "global_ipv6_address": "",
                "global_ipv6_prefix_length": 0,
                "ip_address": "192.168.156.3",
                "ip_prefix_length": 24,
                "ipv6_gateway": "",
                "mac_address": "02:42:c0:a8:9c:03",
                "network_name": "mongo_network"
              }
            ],
            "network_mode": "bridge",
            "networks_advanced": [
              {
                "aliases": [],
                "ipv4_address": "",
                "ipv6_address": "",
                "name": "mongo_network"
              }
            ],
            "pid_mode": "",
            "ports": [
              {
                "external": 27017,
                "internal": 27017,
                "ip": "0.0.0.0",
                "protocol": "tcp"
              }
            ],
            "privileged": false,
            "publish_all_ports": false,
            "read_only": false,
            "remove_volumes": true,
            "restart": "always",
            "rm": false,
            "runtime": "runc",
            "security_opts": [],
            "shm_size": 985,
            "start": true,
            "stdin_open": false,
            "stop_signal": "",
            "stop_timeout": 0,
            "storage_opts": null,
            "sysctls": null,
            "tmpfs": null,
            "tty": false,
            "ulimit": [],
            "upload": [],
            "user": "",
            "userns_mode": "",
            "volumes": [
              {
                "container_path": "/data/keyfile",
                "from_container": "",
                "host_path": "/Users/lucasaguiar/Projects/terraform/mongodb/mongo-keyfile",
                "read_only": null,
                "volume_name": ""
              },
              {
                "container_path": "/docker-entrypoint-initdb.d/init-replica.js",
                "from_container": "",
                "host_path": "/Users/lucasaguiar/Projects/terraform/mongodb/init-replica.js",
                "read_only": null,
                "volume_name": ""
              }
            ],
            "wait": false,
            "wait_timeout": 60,
            "working_dir": ""
          },
          "sensitive_attributes": [],
          "private": "eyJzY2hlbWFfdmVyc2lvbiI6IjIifQ==",
          "dependencies": [
            "docker_network.mongo_network"
          ]
        }
      ]
    },
    {
      "mode": "managed",
      "type": "docker_container",
      "name": "mongo_secondary_1",
      "provider": "provider[\"registry.terraform.io/kreuzwerker/docker\"]",
      "instances": [
        {
          "schema_version": 2,
          "attributes": {
            "attach": false,
            "bridge": "",
            "capabilities": [],
            "cgroupns_mode": null,
            "command": [
              "mongod",
              "--replSet",
              "rs0",
              "--keyFile",
              "/data/keyfile",
              "--bind_ip_all"
            ],
            "container_logs": null,
            "container_read_refresh_timeout_milliseconds": 15000,
            "cpu_set": "",
            "cpu_shares": 0,
            "destroy_grace_seconds": null,
            "devices": [],
            "dns": null,
            "dns_opts": null,
            "dns_search": null,
            "domainname": "",
            "entrypoint": [
              "docker-entrypoint.sh"
            ],
            "env": [
              "MONGO_INITDB_ROOT_PASSWORD=adminpass",
              "MONGO_INITDB_ROOT_USERNAME=admin",
              "MONGO_REPLICA_SET_NAME=rs0"
            ],
            "exit_code": null,
            "gpus": null,
            "group_add": null,
            "healthcheck": null,
            "host": [],
            "hostname": "94fe550caf7b",
            "id": "94fe550caf7b2720962336df44f49abedbfe507e750532363ac668300581476b",
            "image": "sha256:082b79b5037cec2fa8ae4e2c4a09b749c47efdc01e274f7bed661a37d2ce787f",
            "init": false,
            "ipc_mode": "private",
            "labels": [],
            "log_driver": "json-file",
            "log_opts": {
              "max-file": "5",
              "max-size": "20m"
            },
            "logs": false,
            "max_retry_count": 0,
            "memory": 0,
            "memory_swap": 0,
            "mounts": [],
            "must_run": true,
            "name": "mongo_secondary_1",
            "network_data": [
              {
                "gateway": "192.168.156.1",
                "global_ipv6_address": "",
                "global_ipv6_prefix_length": 0,
                "ip_address": "192.168.156.4",
                "ip_prefix_length": 24,
                "ipv6_gateway": "",
                "mac_address": "02:42:c0:a8:9c:04",
                "network_name": "mongo_network"
              }
            ],
            "network_mode": "bridge",
            "networks_advanced": [
              {
                "aliases": [],
                "ipv4_address": "",
                "ipv6_address": "",
                "name": "mongo_network"
              }
            ],
            "pid_mode": "",
            "ports": [],
            "privileged": false,
            "publish_all_ports": false,
            "read_only": false,
            "remove_volumes": true,
            "restart": "always",
            "rm": false,
            "runtime": "runc",
            "security_opts": [],
            "shm_size": 985,
            "start": true,
            "stdin_open": false,
            "stop_signal": "",
            "stop_timeout": 0,
            "storage_opts": null,
            "sysctls": null,
            "tmpfs": null,
            "tty": false,
            "ulimit": [],
            "upload": [],
            "user": "",
            "userns_mode": "",
            "volumes": [
              {
                "container_path": "/data/keyfile",
                "from_container": "",
                "host_path": "/Users/lucasaguiar/Projects/terraform/mongodb/mongo-keyfile",
                "read_only": null,
                "volume_name": ""
              }
            ],
            "wait": false,
            "wait_timeout": 60,
            "working_dir": ""
          },
          "sensitive_attributes": [],
          "private": "eyJzY2hlbWFfdmVyc2lvbiI6IjIifQ==",
          "dependencies": [
            "docker_network.mongo_network"
          ]
        }
      ]
    },
    {
      "mode": "managed",
      "type": "docker_container",
      "name": "mongo_secondary_2",
      "provider": "provider[\"registry.terraform.io/kreuzwerker/docker\"]",
      "instances": [
        {
          "schema_version": 2,
          "attributes": {
            "attach": false,
            "bridge": "",
            "capabilities": [],
            "cgroupns_mode": null,
            "command": [
              "mongod",
              "--replSet",
              "rs0",
              "--keyFile",
              "/data/keyfile",
              "--bind_ip_all"
            ],
            "container_logs": null,
            "container_read_refresh_timeout_milliseconds": 15000,
            "cpu_set": "",
            "cpu_shares": 0,
            "destroy_grace_seconds": null,
            "devices": [],
            "dns": null,
            "dns_opts": null,
            "dns_search": null,
            "domainname": "",
            "entrypoint": [
              "docker-entrypoint.sh"
            ],
            "env": [
              "MONGO_INITDB_ROOT_PASSWORD=adminpass",
              "MONGO_INITDB_ROOT_USERNAME=admin",
              "MONGO_REPLICA_SET_NAME=rs0"
            ],
            "exit_code": null,
            "gpus": null,
            "group_add": null,
            "healthcheck": null,
            "host": [],
            "hostname": "d31695f3dd28",
            "id": "d31695f3dd2882fdf9925e6d0cfed26ee02ffc501630c5dba0264505272b9d4b",
            "image": "sha256:082b79b5037cec2fa8ae4e2c4a09b749c47efdc01e274f7bed661a37d2ce787f",
            "init": false,
            "ipc_mode": "private",
            "labels": [],
            "log_driver": "json-file",
            "log_opts": {
              "max-file": "5",
              "max-size": "20m"
            },
            "logs": false,
            "max_retry_count": 0,
            "memory": 0,
            "memory_swap": 0,
            "mounts": [],
            "must_run": true,
            "name": "mongo_secondary_2",
            "network_data": [
              {
                "gateway": "192.168.156.1",
                "global_ipv6_address": "",
                "global_ipv6_prefix_length": 0,
                "ip_address": "192.168.156.2",
                "ip_prefix_length": 24,
                "ipv6_gateway": "",
                "mac_address": "02:42:c0:a8:9c:02",
                "network_name": "mongo_network"
              }
            ],
            "network_mode": "bridge",
            "networks_advanced": [
              {
                "aliases": [],
                "ipv4_address": "",
                "ipv6_address": "",
                "name": "mongo_network"
              }
            ],
            "pid_mode": "",
            "ports": [],
            "privileged": false,
            "publish_all_ports": false,
            "read_only": false,
            "remove_volumes": true,
            "restart": "always",
            "rm": false,
            "runtime": "runc",
            "security_opts": [],
            "shm_size": 985,
            "start": true,
            "stdin_open": false,
            "stop_signal": "",
            "stop_timeout": 0,
            "storage_opts": null,
            "sysctls": null,
            "tmpfs": null,
            "tty": false,
            "ulimit": [],
            "upload": [],
            "user": "",
            "userns_mode": "",
            "volumes": [
              {
                "container_path": "/data/keyfile",
                "from_container": "",
                "host_path": "/Users/lucasaguiar/Projects/terraform/mongodb/mongo-keyfile",
                "read_only": null,
                "volume_name": ""
              }
            ],
            "wait": false,
            "wait_timeout": 60,
            "working_dir": ""
          },
          "sensitive_attributes": [],
          "private": "eyJzY2hlbWFfdmVyc2lvbiI6IjIifQ==",
          "dependencies": [
            "docker_network.mongo_network"
          ]
        }
      ]
    },
    {
      "mode": "managed",
      "type": "docker_network",
      "name": "mongo_network",
      "provider": "provider[\"registry.terraform.io/kreuzwerker/docker\"]",
      "instances": [
        {
          "schema_version": 1,
          "attributes": {
            "attachable": false,
            "check_duplicate": null,
            "driver": "bridge",
            "id": "9f41bbc1b7961e3d9d12563bdf771ab3b36fe39108f06ad1b169ccfef2485d50",
            "ingress": false,
            "internal": false,
            "ipam_config": [
              {
                "aux_address": {},
                "gateway": "192.168.156.1",
                "ip_range": "",
                "subnet": "192.168.156.0/24"
              }
            ],
            "ipam_driver": "default",
            "ipam_options": {},
            "ipv6": false,
            "labels": [],
            "name": "mongo_network",
            "options": {},
            "scope": "local"
          },
          "sensitive_attributes": [],
          "private": "eyJzY2hlbWFfdmVyc2lvbiI6IjEifQ=="
        }
      ]
    }
  ],
  "check_results": null
}
